
Microsoft Visual Studio Solution File, Format Version 12.00
# Visual Studio Version 17
VisualStudioVersion = 17.2.32630.192
MinimumVisualStudioVersion = 10.0.40219.1
Project("{FAE04EC0-301F-11D3-BF4B-00C04F79EFBC}") = "Lab4", "Lab4.csproj", "{52490A7E-D69A-4D42-AC15-89A670873E84}"
EndProject
Global
	GlobalSection(SolutionConfigurationPlatforms) = preSolution
		Debug|Any CPU = Debug|Any CPU
		Release|Any CPU = Release|Any CPU
	EndGlobalSection
	GlobalSection(ProjectConfigurationPlatforms) = postSolution
		{52490A7E-D69A-4D42-AC15-89A670873E84}.Debug|Any CPU.ActiveCfg = Debug|Any CPU
		{52490A7E-D69A-4D42-AC15-89A670873E84}.Debug|Any CPU.Build.0 = Debug|Any CPU
		{52490A7E-D69A-4D42-AC15-89A670873E84}.Release|Any CPU.ActiveCfg = Release|Any CPU
		{52490A7E-D69A-4D42-AC15-89A670873E84}.Release|Any CPU.Build.0 = Release|Any CPU
	EndGlobalSection
	GlobalSection(SolutionProperties) = preSolution
		HideSolutionNode = FALSE
	EndGlobalSection
	GlobalSection(ExtensibilityGlobals) = postSolution
		SolutionGuid = {D5A8B719-149D-46FE-A402-54A76F0BCADA}
	EndGlobalSection
EndGlobal
